
Microsoft Visual Studio Solution File, Format Version 12.00
# Visual Studio Version 17
VisualStudioVersion = 17.13.35806.99 d17.13
MinimumVisualStudioVersion = 10.0.40219.1
Project("{FAE04EC0-301F-11D3-BF4B-00C04F79EFBC}") = "EventSystem", "EventSystem.csproj", "{B7B884C6-F244-4557-B23B-000B95D38770}"
EndProject
Global
	GlobalSection(SolutionConfigurationPlatforms) = preSolution
		Debug|Any CPU = Debug|Any CPU
		Release|Any CPU = Release|Any CPU
	EndGlobalSection
	GlobalSection(ProjectConfigurationPlatforms) = postSolution
		{B7B884C6-F244-4557-B23B-000B95D38770}.Debug|Any CPU.ActiveCfg = Debug|Any CPU
		{B7B884C6-F244-4557-B23B-000B95D38770}.Debug|Any CPU.Build.0 = Debug|Any CPU
		{B7B884C6-F244-4557-B23B-000B95D38770}.Release|Any CPU.ActiveCfg = Release|Any CPU
		{B7B884C6-F244-4557-B23B-000B95D38770}.Release|Any CPU.Build.0 = Release|Any CPU
	EndGlobalSection
	GlobalSection(SolutionProperties) = preSolution
		HideSolutionNode = FALSE
	EndGlobalSection
	GlobalSection(ExtensibilityGlobals) = postSolution
		SolutionGuid = {A54EA84A-197D-4324-907F-C904AA6AEF8D}
	EndGlobalSection
EndGlobal
